{
  "name": "jsonata-ex-cross-runtime-bench",
  "lockfileVersion": 3,
  "requires": true,
  "packages": {
    "": {
      "name": "jsonata-ex-cross-runtime-bench",
      "dependencies": {
        "jsonata": "2.2.1"
      }
    },
    "node_modules/jsonata": {
      "version": "2.2.1",
      "resolved": "https://registry.npmjs.org/jsonata/-/jsonata-2.2.1.tgz",
      "integrity": "sha512-xd1uwUrKeIcJbsWhaoS3qAX4Ea8m0Mw0G5nlnAQvPT7TbZ5qaPdzBVTQia9KfyuyQm+nenfyjvzUDTRYHsC2sw==",
      "license": "MIT",
      "engines": {
        "node": ">= 8"
      }
    }
  }
}
